// !$*UTF8*$!
{
	archiveVersion = 1;
	classes = {
	};
	objectVersion = 50;
	objects = {

/* Begin PBXBuildFile section */
		F93F3B6E212F487F00841767 /* AppDelegate.swift in Sources */ = {isa = PBXBuildFile; fileRef = F93F3B6D212F487F00841767 /* AppDelegate.swift */; };
		F93F3B73212F487F00841767 /* Main.storyboard in Resources */ = {isa = PBXBuildFile; fileRef = F93F3B71212F487F00841767 /* Main.storyboard */; };
		F93F3B75212F488100841767 /* Assets.xcassets in Resources */ = {isa = PBXBuildFile; fileRef = F93F3B74212F488100841767 /* Assets.xcassets */; };
		F93F3B78212F488100841767 /* LaunchScreen.storyboard in Resources */ = {isa = PBXBuildFile; fileRef = F93F3B76212F488100841767 /* LaunchScreen.storyboard */; };
		F93F3B82212F48F400841767 /* ChatAccessoryView.xib in Resources */ = {isa = PBXBuildFile; fileRef = F93F3B80212F48F400841767 /* ChatAccessoryView.xib */; };
		F93F3B84212F493C00841767 /* ChatAccessoryView.swift in Sources */ = {isa = PBXBuildFile; fileRef = F93F3B83212F493C00841767 /* ChatAccessoryView.swift */; };
		F93F3B86212F4A4300841767 /* CommonProtocols.swift in Sources */ = {isa = PBXBuildFile; fileRef = F93F3B85212F4A4300841767 /* CommonProtocols.swift */; };
		F93F3B88212F4A8E00841767 /* ChatController.swift in Sources */ = {isa = PBXBuildFile; fileRef = F93F3B87212F4A8E00841767 /* ChatController.swift */; };
/* End PBXBuildFile section */

/* Begin PBXFileReference section */
		F93F3B6A212F487F00841767 /* InputAccessoryViewExample.app */ = {isa = PBXFileReference; explicitFileType = wrapper.application; includeInIndex = 0; path = InputAccessoryViewExample.app; sourceTree = BUILT_PRODUCTS_DIR; };
		F93F3B6D212F487F00841767 /* AppDelegate.swift */ = {isa = PBXFileReference; lastKnownFileType = sourcecode.swift; path = AppDelegate.swift; sourceTree = "<group>"; };
		F93F3B72212F487F00841767 /* Base */ = {isa = PBXFileReference; lastKnownFileType = file.storyboard; name = Base; path = Base.lproj/Main.storyboard; sourceTree = "<group>"; };
		F93F3B74212F488100841767 /* Assets.xcassets */ = {isa = PBXFileReference; lastKnownFileType = folder.assetcatalog; path = Assets.xcassets; sourceTree = "<group>"; };
		F93F3B77212F488100841767 /* Base */ = {isa = PBXFileReference; lastKnownFileType = file.storyboard; name = Base; path = Base.lproj/LaunchScreen.storyboard; sourceTree = "<group>"; };
		F93F3B79212F488100841767 /* Info.plist */ = {isa = PBXFileReference; lastKnownFileType = text.plist.xml; path = Info.plist; sourceTree = "<group>"; };
		F93F3B80212F48F400841767 /* ChatAccessoryView.xib */ = {isa = PBXFileReference; fileEncoding = 4; lastKnownFileType = file.xib; path = ChatAccessoryView.xib; sourceTree = "<group>"; };
		F93F3B83212F493C00841767 /* ChatAccessoryView.swift */ = {isa = PBXFileReference; lastKnownFileType = sourcecode.swift; path = ChatAccessoryView.swift; sourceTree = "<group>"; };
		F93F3B85212F4A4300841767 /* CommonProtocols.swift */ = {isa = PBXFileReference; lastKnownFileType = sourcecode.swift; path = CommonProtocols.swift; sourceTree = "<group>"; };
		F93F3B87212F4A8E00841767 /* ChatController.swift */ = {isa = PBXFileReference; lastKnownFileType = sourcecode.swift; path = ChatController.swift; sourceTree = "<group>"; };
/* End PBXFileReference section */

/* Begin PBXFrameworksBuildPhase section */
		F93F3B67212F487F00841767 /* Frameworks */ = {
			isa = PBXFrameworksBuildPhase;
			buildActionMask = 2147483647;
			files = (
			);
			runOnlyForDeploymentPostprocessing = 0;
		};
/* End PBXFrameworksBuildPhase section */

/* Begin PBXGroup section */
		F93F3B61212F487F00841767 = {
			isa = PBXGroup;
			children = (
				F93F3B6C212F487F00841767 /* InputAccessoryViewExample */,
				F93F3B6B212F487F00841767 /* Products */,
			);
			sourceTree = "<group>";
		};
		F93F3B6B212F487F00841767 /* Products */ = {
			isa = PBXGroup;
			children = (
				F93F3B6A212F487F00841767 /* InputAccessoryViewExample.app */,
			);
			name = Products;
			sourceTree = "<group>";
		};
		F93F3B6C212F487F00841767 /* InputAccessoryViewExample */ = {
			isa = PBXGroup;
			children = (
				F93F3B6D212F487F00841767 /* AppDelegate.swift */,
				F93F3B85212F4A4300841767 /* CommonProtocols.swift */,
				F93F3B83212F493C00841767 /* ChatAccessoryView.swift */,
				F93F3B87212F4A8E00841767 /* ChatController.swift */,
				F93F3B80212F48F400841767 /* ChatAccessoryView.xib */,
				F93F3B71212F487F00841767 /* Main.storyboard */,
				F93F3B74212F488100841767 /* Assets.xcassets */,
				F93F3B76212F488100841767 /* LaunchScreen.storyboard */,
				F93F3B79212F488100841767 /* Info.plist */,
			);
			path = InputAccessoryViewExample;
			sourceTree = "<group>";
		};
/* End PBXGroup section */

/* Begin PBXNativeTarget section */
		F93F3B69212F487F00841767 /* InputAccessoryViewExample */ = {
			isa = PBXNativeTarget;
			buildConfigurationList = F93F3B7C212F488100841767 /* Build configuration list for PBXNativeTarget "InputAccessoryViewExample" */;
			buildPhases = (
				F93F3B66212F487F00841767 /* Sources */,
				F93F3B67212F487F00841767 /* Frameworks */,
				F93F3B68212F487F00841767 /* Resources */,
			);
			buildRules = (
			);
			dependencies = (
			);
			name = InputAccessoryViewExample;
			productName = InputAccessoryViewExample;
			productReference = F93F3B6A212F487F00841767 /* InputAccessoryViewExample.app */;
			productType = "com.apple.product-type.application";
		};
/* End PBXNativeTarget section */

/* Begin PBXProject section */
		F93F3B62212F487F00841767 /* Project object */ = {
			isa = PBXProject;
			attributes = {
				LastSwiftUpdateCheck = 0940;
				LastUpgradeCheck = 0940;
				ORGANIZATIONNAME = "Rohit Pal";
				TargetAttributes = {
					F93F3B69212F487F00841767 = {
						CreatedOnToolsVersion = 9.4.1;
					};
				};
			};
			buildConfigurationList = F93F3B65212F487F00841767 /* Build configuration list for PBXProject "InputAccessoryViewExample" */;
			compatibilityVersion = "Xcode 9.3";
			developmentRegion = en;
			hasScannedForEncodings = 0;
			knownRegions = (
				en,
				Base,
			);
			mainGroup = F93F3B61212F487F00841767;
			productRefGroup = F93F3B6B212F487F00841767 /* Products */;
			projectDirPath = "";
			projectRoot = "";
			targets = (
				F93F3B69212F487F00841767 /* InputAccessoryViewExample */,
			);
		};
/* End PBXProject section */

/* Begin PBXResourcesBuildPhase section */
		F93F3B68212F487F00841767 /* Resources */ = {
			isa = PBXResourcesBuildPhase;
			buildActionMask = 2147483647;
			files = (
				F93F3B78212F488100841767 /* LaunchScreen.storyboard in Resources */,
				F93F3B82212F48F400841767 /* ChatAccessoryView.xib in Resources */,
				F93F3B75212F488100841767 /* Assets.xcassets in Resources */,
				F93F3B73212F487F00841767 /* Main.storyboard in Resources */,
			);
			runOnlyForDeploymentPostprocessing = 0;
		};
/* End PBXResourcesBuildPhase section */

/* Begin PBXSourcesBuildPhase section */
		F93F3B66212F487F00841767 /* Sources */ = {
			isa = PBXSourcesBuildPhase;
			buildActionMask = 2147483647;
			files = (
				F93F3B84212F493C00841767 /* ChatAccessoryView.swift in Sources */,
				F93F3B86212F4A4300841767 /* CommonProtocols.swift in Sources */,
				F93F3B6E212F487F00841767 /* AppDelegate.swift in Sources */,
				F93F3B88212F4A8E00841767 /* ChatController.swift in Sources */,
			);
			runOnlyForDeploymentPostprocessing = 0;
		};
/* End PBXSourcesBuildPhase section */

/* Begin PBXVariantGroup section */
		F93F3B71212F487F00841767 /* Main.storyboard */ = {
			isa = PBXVariantGroup;
			children = (
				F93F3B72212F487F00841767 /* Base */,
			);
			name = Main.storyboard;
			sourceTree = "<group>";
		};
		F93F3B76212F488100841767 /* LaunchScreen.storyboard */ = {
			isa = PBXVariantGroup;
			children = (
				F93F3B77212F488100841767 /* Base */,
			);
			name = LaunchScreen.storyboard;
			sourceTree = "<group>";
		};
/* End PBXVariantGroup section */

/* Begin XCBuildConfiguration section */
		F93F3B7A212F488100841767 /* Debug */ = {
			isa = XCBuildConfiguration;
			buildSettings = {
				ALWAYS_SEARCH_USER_PATHS = NO;
				CLANG_ANALYZER_NONNULL = YES;
				CLANG_ANALYZER_NUMBER_OBJECT_CONVERSION = YES_AGGRESSIVE;
				CLANG_CXX_LANGUAGE_STANDARD = "gnu++14";
				CLANG_CXX_LIBRARY = "libc++";
				CLANG_ENABLE_MODULES = YES;
				CLANG_ENABLE_OBJC_ARC = YES;
				CLANG_ENABLE_OBJC_WEAK = YES;
				CLANG_WARN_BLOCK_CAPTURE_AUTORELEASING = YES;
				CLANG_WARN_BOOL_CONVERSION = YES;
				CLANG_WARN_COMMA = YES;
				CLANG_WARN_CONSTANT_CONVERSION = YES;
				CLANG_WARN_DEPRECATED_OBJC_IMPLEMENTATIONS = YES;
				CLANG_WARN_DIRECT_OBJC_ISA_USAGE = YES_ERROR;
				CLANG_WARN_DOCUMENTATION_COMMENTS = YES;
				CLANG_WARN_EMPTY_BODY = YES;
				CLANG_WARN_ENUM_CONVERSION = YES;
				CLANG_WARN_INFINITE_RECURSION = YES;
				CLANG_WARN_INT_CONVERSION = YES;
				CLANG_WARN_NON_LITERAL_NULL_CONVERSION = YES;
				CLANG_WARN_OBJC_IMPLICIT_RETAIN_SELF = YES;
				CLANG_WARN_OBJC_LITERAL_CONVERSION = YES;
				CLANG_WARN_OBJC_ROOT_CLASS = YES_ERROR;
				CLANG_WARN_RANGE_LOOP_ANALYSIS = YES;
				CLANG_WARN_STRICT_PROTOTYPES = YES;
				CLANG_WARN_SUSPICIOUS_MOVE = YES;
				CLANG_WARN_UNGUARDED_AVAILABILITY = YES_AGGRESSIVE;
				CLANG_WARN_UNREACHABLE_CODE = YES;
				CLANG_WARN__DUPLICATE_METHOD_MATCH = YES;
				CODE_SIGN_IDENTITY = "iPhone Developer";
				COPY_PHASE_STRIP = NO;
				DEBUG_INFORMATION_FORMAT = dwarf;
				ENABLE_STRICT_OBJC_MSGSEND = YES;
				ENABLE_TESTABILITY = YES;
				GCC_C_LANGUAGE_STANDARD = gnu11;
				GCC_DYNAMIC_NO_PIC = NO;
				GCC_NO_COMMON_BLOCKS = YES;
				GCC_OPTIMIZATION_LEVEL = 0;
				GCC_PREPROCESSOR_DEFINITIONS = (
					"DEBUG=1",
					"$(inherited)",
				);
				GCC_WARN_64_TO_32_BIT_CONVERSION = YES;
				GCC_WARN_ABOUT_RETURN_TYPE = YES_ERROR;
				GCC_WARN_UNDECLARED_SELECTOR = YES;
				GCC_WARN_UNINITIALIZED_AUTOS = YES_AGGRESSIVE;
				GCC_WARN_UNUSED_FUNCTION = YES;
				GCC_WARN_UNUSED_VARIABLE = YES;
				IPHONEOS_DEPLOYMENT_TARGET = 11.4;
				MTL_ENABLE_DEBUG_INFO = YES;
				ONLY_ACTIVE_ARCH = YES;
				SDKROOT = iphoneos;
				SWIFT_ACTIVE_COMPILATION_CONDITIONS = DEBUG;
				SWIFT_OPTIMIZATION_LEVEL = "-Onone";
			};
			name = Debug;
		};
		F93F3B7B212F488100841767 /* Release */ = {
			isa = XCBuildConfiguration;
			buildSettings = {
				ALWAYS_SEARCH_USER_PATHS = NO;
				CLANG_ANALYZER_NONNULL = YES;
				CLANG_ANALYZER_NUMBER_OBJECT_CONVERSION = YES_AGGRESSIVE;
				CLANG_CXX_LANGUAGE_STANDARD = "gnu++14";
				CLANG_CXX_LIBRARY = "libc++";
				CLANG_ENABLE_MODULES = YES;
				CLANG_ENABLE_OBJC_ARC = YES;
				CLANG_ENABLE_OBJC_WEAK = YES;
				CLANG_WARN_BLOCK_CAPTURE_AUTORELEASING = YES;
				CLANG_WARN_BOOL_CONVERSION = YES;
				CLANG_WARN_COMMA = YES;
				CLANG_WARN_CONSTANT_CONVERSION = YES;
				CLANG_WARN_DEPRECATED_OBJC_IMPLEMENTATIONS = YES;
				CLANG_WARN_DIRECT_OBJC_ISA_USAGE = YES_ERROR;
				CLANG_WARN_DOCUMENTATION_COMMENTS = YES;
				CLANG_WARN_EMPTY_BODY = YES;
				CLANG_WARN_ENUM_CONVERSION = YES;
				CLANG_WARN_INFINITE_RECURSION = YES;
				CLANG_WARN_INT_CONVERSION = YES;
				CLANG_WARN_NON_LITERAL_NULL_CONVERSION = YES;
				CLANG_WARN_OBJC_IMPLICIT_RETAIN_SELF = YES;
				CLANG_WARN_OBJC_LITERAL_CONVERSION = YES;
				CLANG_WARN_OBJC_ROOT_CLASS = YES_ERROR;
				CLANG_WARN_RANGE_LOOP_ANALYSIS = YES;
				CLANG_WARN_STRICT_PROTOTYPES = YES;
				CLANG_WARN_SUSPICIOUS_MOVE = YES;
				CLANG_WARN_UNGUARDED_AVAILABILITY = YES_AGGRESSIVE;
				CLANG_WARN_UNREACHABLE_CODE = YES;
				CLANG_WARN__DUPLICATE_METHOD_MATCH = YES;
				CODE_SIGN_IDENTITY = "iPhone Developer";
				COPY_PHASE_STRIP = NO;
				DEBUG_INFORMATION_FORMAT = "dwarf-with-dsym";
				ENABLE_NS_ASSERTIONS = NO;
				ENABLE_STRICT_OBJC_MSGSEND = YES;
				GCC_C_LANGUAGE_STANDARD = gnu11;
				GCC_NO_COMMON_BLOCKS = YES;
				GCC_WARN_64_TO_32_BIT_CONVERSION = YES;
				GCC_WARN_ABOUT_RETURN_TYPE = YES_ERROR;
				GCC_WARN_UNDECLARED_SELECTOR = YES;
				GCC_WARN_UNINITIALIZED_AUTOS = YES_AGGRESSIVE;
				GCC_WARN_UNUSED_FUNCTION = YES;
				GCC_WARN_UNUSED_VARIABLE = YES;
				IPHONEOS_DEPLOYMENT_TARGET = 11.4;
				MTL_ENABLE_DEBUG_INFO = NO;
				SDKROOT = iphoneos;
				SWIFT_COMPILATION_MODE = wholemodule;
				SWIFT_OPTIMIZATION_LEVEL = "-O";
				VALIDATE_PRODUCT = YES;
			};
			name = Release;
		};
		F93F3B7D212F488100841767 /* Debug */ = {
			isa = XCBuildConfiguration;
			buildSettings = {
				ASSETCATALOG_COMPILER_APPICON_NAME = AppIcon;
				CODE_SIGN_STYLE = Automatic;
				DEVELOPMENT_TEAM = M7Y36C7FES;
				INFOPLIST_FILE = InputAccessoryViewExample/Info.plist;
				LD_RUNPATH_SEARCH_PATHS = (
					"$(inherited)",
					"@executable_path/Frameworks",
				);
				PRODUCT_BUNDLE_IDENTIFIER = com.technobells.InputAccessoryViewExample;
				PRODUCT_NAME = "$(TARGET_NAME)";
				SWIFT_VERSION = 4.0;
				TARGETED_DEVICE_FAMILY = "1,2";
			};
			name = Debug;
		};
		F93F3B7E212F488100841767 /* Release */ = {
			isa = XCBuildConfiguration;
			buildSettings = {
				ASSETCATALOG_COMPILER_APPICON_NAME = AppIcon;
				CODE_SIGN_STYLE = Automatic;
				DEVELOPMENT_TEAM = M7Y36C7FES;
				INFOPLIST_FILE = InputAccessoryViewExample/Info.plist;
				LD_RUNPATH_SEARCH_PATHS = (
					"$(inherited)",
					"@executable_path/Frameworks",
				);
				PRODUCT_BUNDLE_IDENTIFIER = com.technobells.InputAccessoryViewExample;
				PRODUCT_NAME = "$(TARGET_NAME)";
				SWIFT_VERSION = 4.0;
				TARGETED_DEVICE_FAMILY = "1,2";
			};
			name = Release;
		};
/* End XCBuildConfiguration section */

/* Begin XCConfigurationList section */
		F93F3B65212F487F00841767 /* Build configuration list for PBXProject "InputAccessoryViewExample" */ = {
			isa = XCConfigurationList;
			buildConfigurations = (
				F93F3B7A212F488100841767 /* Debug */,
				F93F3B7B212F488100841767 /* Release */,
			);
			defaultConfigurationIsVisible = 0;
			defaultConfigurationName = Release;
		};
		F93F3B7C212F488100841767 /* Build configuration list for PBXNativeTarget "InputAccessoryViewExample" */ = {
			isa = XCConfigurationList;
			buildConfigurations = (
				F93F3B7D212F488100841767 /* Debug */,
				F93F3B7E212F488100841767 /* Release */,
			);
			defaultConfigurationIsVisible = 0;
			defaultConfigurationName = Release;
		};
/* End XCConfigurationList section */
	};
	rootObject = F93F3B62212F487F00841767 /* Project object */;
}
